
Microsoft Visual Studio Solution File, Format Version 12.00
# Visual Studio Version 17
VisualStudioVersion = 17.9.34902.65
MinimumVisualStudioVersion = 10.0.40219.1
Project("{FAE04EC0-301F-11D3-BF4B-00C04F79EFBC}") = "PeopleManager", "PeopleManager\PeopleManager.csproj", "{F22A85CA-0E08-41CB-BBC8-9FE22D383038}"
EndProject
Project("{FAE04EC0-301F-11D3-BF4B-00C04F79EFBC}") = "PeopleManager.Tests", "PeopleManager.Tests\PeopleManager.Tests.csproj", "{50FD4A83-D209-D47F-919F-4D9C18FFD6BF}"
EndProject
Global
	GlobalSection(SolutionConfigurationPlatforms) = preSolution
		Debug|Any CPU = Debug|Any CPU
		Release|Any CPU = Release|Any CPU
	EndGlobalSection
	GlobalSection(ProjectConfigurationPlatforms) = postSolution
		{F22A85CA-0E08-41CB-BBC8-9FE22D383038}.Debug|Any CPU.ActiveCfg = Debug|Any CPU
		{F22A85CA-0E08-41CB-BBC8-9FE22D383038}.Debug|Any CPU.Build.0 = Debug|Any CPU
		{F22A85CA-0E08-41CB-BBC8-9FE22D383038}.Release|Any CPU.ActiveCfg = Release|Any CPU
		{F22A85CA-0E08-41CB-BBC8-9FE22D383038}.Release|Any CPU.Build.0 = Release|Any CPU
		{50FD4A83-D209-D47F-919F-4D9C18FFD6BF}.Debug|Any CPU.ActiveCfg = Debug|Any CPU
		{50FD4A83-D209-D47F-919F-4D9C18FFD6BF}.Debug|Any CPU.Build.0 = Debug|Any CPU
		{50FD4A83-D209-D47F-919F-4D9C18FFD6BF}.Release|Any CPU.ActiveCfg = Release|Any CPU
		{50FD4A83-D209-D47F-919F-4D9C18FFD6BF}.Release|Any CPU.Build.0 = Release|Any CPU
	EndGlobalSection
	GlobalSection(SolutionProperties) = preSolution
		HideSolutionNode = FALSE
	EndGlobalSection
	GlobalSection(ExtensibilityGlobals) = postSolution
		SolutionGuid = {454BCD5D-1B19-4296-B396-651D330A88F1}
	EndGlobalSection
EndGlobal
